
Microsoft Visual Studio Solution File, Format Version 12.00
# Visual Studio Version 17
VisualStudioVersion = 17.5.002.0
MinimumVisualStudioVersion = 10.0.40219.1
Project("{9A19103F-16F7-4668-BE54-9A1E7A4F7556}") = "app", "app\app.csproj", "{BA6CC778-8AC5-4B32-945C-6F08AAFEDB2E}"
EndProject
Global
	GlobalSection(SolutionConfigurationPlatforms) = preSolution
		Debug|Any CPU = Debug|Any CPU
		Release|Any CPU = Release|Any CPU
	EndGlobalSection
	GlobalSection(ProjectConfigurationPlatforms) = postSolution
		{BA6CC778-8AC5-4B32-945C-6F08AAFEDB2E}.Debug|Any CPU.ActiveCfg = Debug|Any CPU
		{BA6CC778-8AC5-4B32-945C-6F08AAFEDB2E}.Debug|Any CPU.Build.0 = Debug|Any CPU
		{BA6CC778-8AC5-4B32-945C-6F08AAFEDB2E}.Release|Any CPU.ActiveCfg = Release|Any CPU
		{BA6CC778-8AC5-4B32-945C-6F08AAFEDB2E}.Release|Any CPU.Build.0 = Release|Any CPU
	EndGlobalSection
	GlobalSection(SolutionProperties) = preSolution
		HideSolutionNode = FALSE
	EndGlobalSection
	GlobalSection(ExtensibilityGlobals) = postSolution
		SolutionGuid = {DEDD4F8D-3E10-484B-A118-2A6B60EC4B4A}
	EndGlobalSection
EndGlobal
